
Microsoft Visual Studio Solution File, Format Version 12.00
# Visual Studio Version 17
VisualStudioVersion = 17.7.34031.279
MinimumVisualStudioVersion = 10.0.40219.1
Project("{FAE04EC0-301F-11D3-BF4B-00C04F79EFBC}") = "OpenClosed", "OpenClosed\OpenClosed.csproj", "{35E2F35A-FA52-4863-A91E-4D37757B0C8B}"
EndProject
Global
	GlobalSection(SolutionConfigurationPlatforms) = preSolution
		Debug|Any CPU = Debug|Any CPU
		Release|Any CPU = Release|Any CPU
	EndGlobalSection
	GlobalSection(ProjectConfigurationPlatforms) = postSolution
		{35E2F35A-FA52-4863-A91E-4D37757B0C8B}.Debug|Any CPU.ActiveCfg = Debug|Any CPU
		{35E2F35A-FA52-4863-A91E-4D37757B0C8B}.Debug|Any CPU.Build.0 = Debug|Any CPU
		{35E2F35A-FA52-4863-A91E-4D37757B0C8B}.Release|Any CPU.ActiveCfg = Release|Any CPU
		{35E2F35A-FA52-4863-A91E-4D37757B0C8B}.Release|Any CPU.Build.0 = Release|Any CPU
	EndGlobalSection
	GlobalSection(SolutionProperties) = preSolution
		HideSolutionNode = FALSE
	EndGlobalSection
	GlobalSection(ExtensibilityGlobals) = postSolution
		SolutionGuid = {31913F76-5F39-4136-8A01-29EEE5F7F921}
	EndGlobalSection
EndGlobal
